
Microsoft Visual Studio Solution File, Format Version 12.00
# Visual Studio Version 17
VisualStudioVersion = 17.14.36301.6
MinimumVisualStudioVersion = 10.0.40219.1
Project("{FAE04EC0-301F-11D3-BF4B-00C04F79EFBC}") = "CSharpQuizBlazor", "CSharpQuizBlazor\CSharpQuizBlazor.csproj", "{48C8F9B5-1645-4458-84B3-453A98BAFE43}"
EndProject
Project("{FAE04EC0-301F-11D3-BF4B-00C04F79EFBC}") = "CSharpQuizFunc", "CSharpQuizFunc\CSharpQuizFunc.csproj", "{2D69F407-8406-4CED-A1BC-8DF05779ECDA}"
EndProject
Project("{FAE04EC0-301F-11D3-BF4B-00C04F79EFBC}") = "CSharpQuizTest", "CSharpQuizTest\CSharpQuizTest.csproj", "{66F03A0D-91F7-4D19-A19A-58427AA6CD08}"
EndProject
Global
	GlobalSection(SolutionConfigurationPlatforms) = preSolution
		Debug|Any CPU = Debug|Any CPU
		Release|Any CPU = Release|Any CPU
	EndGlobalSection
	GlobalSection(ProjectConfigurationPlatforms) = postSolution
		{48C8F9B5-1645-4458-84B3-453A98BAFE43}.Debug|Any CPU.ActiveCfg = Debug|Any CPU
		{48C8F9B5-1645-4458-84B3-453A98BAFE43}.Debug|Any CPU.Build.0 = Debug|Any CPU
		{48C8F9B5-1645-4458-84B3-453A98BAFE43}.Release|Any CPU.ActiveCfg = Release|Any CPU
		{48C8F9B5-1645-4458-84B3-453A98BAFE43}.Release|Any CPU.Build.0 = Release|Any CPU
		{2D69F407-8406-4CED-A1BC-8DF05779ECDA}.Debug|Any CPU.ActiveCfg = Debug|Any CPU
		{2D69F407-8406-4CED-A1BC-8DF05779ECDA}.Debug|Any CPU.Build.0 = Debug|Any CPU
		{2D69F407-8406-4CED-A1BC-8DF05779ECDA}.Release|Any CPU.ActiveCfg = Release|Any CPU
		{2D69F407-8406-4CED-A1BC-8DF05779ECDA}.Release|Any CPU.Build.0 = Release|Any CPU
		{66F03A0D-91F7-4D19-A19A-58427AA6CD08}.Debug|Any CPU.ActiveCfg = Debug|Any CPU
		{66F03A0D-91F7-4D19-A19A-58427AA6CD08}.Debug|Any CPU.Build.0 = Debug|Any CPU
		{66F03A0D-91F7-4D19-A19A-58427AA6CD08}.Release|Any CPU.ActiveCfg = Release|Any CPU
		{66F03A0D-91F7-4D19-A19A-58427AA6CD08}.Release|Any CPU.Build.0 = Release|Any CPU
	EndGlobalSection
	GlobalSection(SolutionProperties) = preSolution
		HideSolutionNode = FALSE
	EndGlobalSection
	GlobalSection(ExtensibilityGlobals) = postSolution
		SolutionGuid = {169A55BA-8177-4294-9600-98A3FDFEB5B2}
	EndGlobalSection
EndGlobal
