
Microsoft Visual Studio Solution File, Format Version 12.00
# Visual Studio Version 17
VisualStudioVersion = 17.14.36301.6 d17.14
MinimumVisualStudioVersion = 10.0.40219.1
Project("{FAE04EC0-301F-11D3-BF4B-00C04F79EFBC}") = "CSharpQuizBlazor", "CSharpQuizBlazor\CSharpQuizBlazor.csproj", "{48C8F9B5-1645-4458-84B3-453A98BAFE43}"
EndProject
Global
	GlobalSection(SolutionConfigurationPlatforms) = preSolution
		Debug|Any CPU = Debug|Any CPU
		Release|Any CPU = Release|Any CPU
	EndGlobalSection
	GlobalSection(ProjectConfigurationPlatforms) = postSolution
		{48C8F9B5-1645-4458-84B3-453A98BAFE43}.Debug|Any CPU.ActiveCfg = Debug|Any CPU
		{48C8F9B5-1645-4458-84B3-453A98BAFE43}.Debug|Any CPU.Build.0 = Debug|Any CPU
		{48C8F9B5-1645-4458-84B3-453A98BAFE43}.Release|Any CPU.ActiveCfg = Release|Any CPU
		{48C8F9B5-1645-4458-84B3-453A98BAFE43}.Release|Any CPU.Build.0 = Release|Any CPU
	EndGlobalSection
	GlobalSection(SolutionProperties) = preSolution
		HideSolutionNode = FALSE
	EndGlobalSection
	GlobalSection(ExtensibilityGlobals) = postSolution
		SolutionGuid = {169A55BA-8177-4294-9600-98A3FDFEB5B2}
	EndGlobalSection
EndGlobal
